// !$*UTF8*$!
{
	archiveVersion = 1;
	classes = {
	};
	objectVersion = 55;
	objects = {

/* Begin PBXBuildFile section */
		FAC61F8528965FAB0067D488 /* TopDramaApp.swift in Sources */ = {isa = PBXBuildFile; fileRef = FAC61F8428965FAB0067D488 /* TopDramaApp.swift */; };
		FAC61F8728965FAB0067D488 /* ContentView.swift in Sources */ = {isa = PBXBuildFile; fileRef = FAC61F8628965FAB0067D488 /* ContentView.swift */; };
		FAC61F8928965FAE0067D488 /* Assets.xcassets in Resources */ = {isa = PBXBuildFile; fileRef = FAC61F8828965FAE0067D488 /* Assets.xcassets */; };
		FAC61F8C28965FAE0067D488 /* Preview Assets.xcassets in Resources */ = {isa = PBXBuildFile; fileRef = FAC61F8B28965FAE0067D488 /* Preview Assets.xcassets */; };
		FAC61F97289660F70067D488 /* RectangleImage.swift in Sources */ = {isa = PBXBuildFile; fileRef = FAC61F96289660F70067D488 /* RectangleImage.swift */; };
		FAC61F992896612C0067D488 /* InfoView.swift in Sources */ = {isa = PBXBuildFile; fileRef = FAC61F982896612C0067D488 /* InfoView.swift */; };
		FAC61F9B289661A60067D488 /* MovieList.swift in Sources */ = {isa = PBXBuildFile; fileRef = FAC61F9A289661A60067D488 /* MovieList.swift */; };
		FAC61F9D289661CD0067D488 /* MovieCard.swift in Sources */ = {isa = PBXBuildFile; fileRef = FAC61F9C289661CD0067D488 /* MovieCard.swift */; };
		FAC61F9F289662000067D488 /* HomeView.swift in Sources */ = {isa = PBXBuildFile; fileRef = FAC61F9E289662000067D488 /* HomeView.swift */; };
		FAC61FA1289662430067D488 /* MovieDetailPage.swift in Sources */ = {isa = PBXBuildFile; fileRef = FAC61FA0289662430067D488 /* MovieDetailPage.swift */; };
		FAC61FA32896626E0067D488 /* Movie.swift in Sources */ = {isa = PBXBuildFile; fileRef = FAC61FA22896626E0067D488 /* Movie.swift */; };
		FAC61FA52896628D0067D488 /* Category.swift in Sources */ = {isa = PBXBuildFile; fileRef = FAC61FA42896628D0067D488 /* Category.swift */; };
		FAC61FA7289662BB0067D488 /* ColorConstants.swift in Sources */ = {isa = PBXBuildFile; fileRef = FAC61FA6289662BB0067D488 /* ColorConstants.swift */; };
		FAC61FA9289662D50067D488 /* ModelData.swift in Sources */ = {isa = PBXBuildFile; fileRef = FAC61FA8289662D50067D488 /* ModelData.swift */; };
		FAC61FB5289663730067D488 /* love-o2o.mp4 in Resources */ = {isa = PBXBuildFile; fileRef = FAC61FAB289663730067D488 /* love-o2o.mp4 */; };
		FAC61FB6289663730067D488 /* boss-and-me.mp4 in Resources */ = {isa = PBXBuildFile; fileRef = FAC61FAC289663730067D488 /* boss-and-me.mp4 */; };
		FAC61FB7289663730067D488 /* you-are-my-glory.mp4 in Resources */ = {isa = PBXBuildFile; fileRef = FAC61FAD289663730067D488 /* you-are-my-glory.mp4 */; };
		FAC61FB8289663730067D488 /* my-sunshine.mp4 in Resources */ = {isa = PBXBuildFile; fileRef = FAC61FAE289663730067D488 /* my-sunshine.mp4 */; };
		FAC61FB9289663730067D488 /* ashes-of-love.mp4 in Resources */ = {isa = PBXBuildFile; fileRef = FAC61FAF289663730067D488 /* ashes-of-love.mp4 */; };
		FAC61FBA289663730067D488 /* love-me-if-you-dare.mp4 in Resources */ = {isa = PBXBuildFile; fileRef = FAC61FB0289663730067D488 /* love-me-if-you-dare.mp4 */; };
		FAC61FBB289663730067D488 /* you-are-my-hero.mp4 in Resources */ = {isa = PBXBuildFile; fileRef = FAC61FB1289663730067D488 /* you-are-my-hero.mp4 */; };
		FAC61FBC289663730067D488 /* go-go-squid.mp4 in Resources */ = {isa = PBXBuildFile; fileRef = FAC61FB2289663730067D488 /* go-go-squid.mp4 */; };
		FAC61FBD289663730067D488 /* eternal-love.mp4 in Resources */ = {isa = PBXBuildFile; fileRef = FAC61FB3289663730067D488 /* eternal-love.mp4 */; };
		FAC61FBE289663730067D488 /* skate-into-love.mp4 in Resources */ = {isa = PBXBuildFile; fileRef = FAC61FB4289663730067D488 /* skate-into-love.mp4 */; };
		FAC61FCA2896637E0067D488 /* prophecy-of-love.mp4 in Resources */ = {isa = PBXBuildFile; fileRef = FAC61FC02896637E0067D488 /* prophecy-of-love.mp4 */; };
		FAC61FCB2896637E0067D488 /* my-husband-in-law.mp4 in Resources */ = {isa = PBXBuildFile; fileRef = FAC61FC12896637E0067D488 /* my-husband-in-law.mp4 */; };
		FAC61FCC2896637E0067D488 /* man-of-vengeance.mp4 in Resources */ = {isa = PBXBuildFile; fileRef = FAC61FC22896637E0067D488 /* man-of-vengeance.mp4 */; };
		FAC61FCD2896637E0067D488 /* once-upon-a-time-in-my-heart.mp4 in Resources */ = {isa = PBXBuildFile; fileRef = FAC61FC32896637E0067D488 /* once-upon-a-time-in-my-heart.mp4 */; };
		FAC61FCE2896637E0067D488 /* a-woman-trickery.mp4 in Resources */ = {isa = PBXBuildFile; fileRef = FAC61FC42896637E0067D488 /* a-woman-trickery.mp4 */; };
		FAC61FCF2896637E0067D488 /* love-destiny.mp4 in Resources */ = {isa = PBXBuildFile; fileRef = FAC61FC52896637E0067D488 /* love-destiny.mp4 */; };
		FAC61FD02896637E0067D488 /* pink-sin.mp4 in Resources */ = {isa = PBXBuildFile; fileRef = FAC61FC62896637E0067D488 /* pink-sin.mp4 */; };
		FAC61FD12896637E0067D488 /* waves-of-life.mp4 in Resources */ = {isa = PBXBuildFile; fileRef = FAC61FC72896637E0067D488 /* waves-of-life.mp4 */; };
		FAC61FD22896637E0067D488 /* my-forever-sunshine.mp4 in Resources */ = {isa = PBXBuildFile; fileRef = FAC61FC82896637E0067D488 /* my-forever-sunshine.mp4 */; };
		FAC61FD32896637E0067D488 /* glass-mask.mp4 in Resources */ = {isa = PBXBuildFile; fileRef = FAC61FC92896637E0067D488 /* glass-mask.mp4 */; };
		FAC61FDF289663890067D488 /* strong-woman-do-bong-soon.mp4 in Resources */ = {isa = PBXBuildFile; fileRef = FAC61FD5289663890067D488 /* strong-woman-do-bong-soon.mp4 */; };
		FAC61FE0289663890067D488 /* what's-wrong-with-secretary-kim.mp4 in Resources */ = {isa = PBXBuildFile; fileRef = FAC61FD6289663890067D488 /* what's-wrong-with-secretary-kim.mp4 */; };
		FAC61FE1289663890067D488 /* crash-landing-on-you.mp4 in Resources */ = {isa = PBXBuildFile; fileRef = FAC61FD7289663890067D488 /* crash-landing-on-you.mp4 */; };
		FAC61FE2289663890067D488 /* vincenzo.mp4 in Resources */ = {isa = PBXBuildFile; fileRef = FAC61FD8289663890067D488 /* vincenzo.mp4 */; };
		FAC61FE3289663890067D488 /* woo-young-woo.mp4 in Resources */ = {isa = PBXBuildFile; fileRef = FAC61FD9289663890067D488 /* woo-young-woo.mp4 */; };
		FAC61FE4289663890067D488 /* weightlifting-fairy-kim-bok-joo.mp4 in Resources */ = {isa = PBXBuildFile; fileRef = FAC61FDA289663890067D488 /* weightlifting-fairy-kim-bok-joo.mp4 */; };
		FAC61FE5289663890067D488 /* descendants-of-the-sun.mp4 in Resources */ = {isa = PBXBuildFile; fileRef = FAC61FDB289663890067D488 /* descendants-of-the-sun.mp4 */; };
		FAC61FE6289663890067D488 /* our-beloved-summer.mp4 in Resources */ = {isa = PBXBuildFile; fileRef = FAC61FDC289663890067D488 /* our-beloved-summer.mp4 */; };
		FAC61FE7289663890067D488 /* the-heirs.mp4 in Resources */ = {isa = PBXBuildFile; fileRef = FAC61FDD289663890067D488 /* the-heirs.mp4 */; };
		FAC61FE8289663890067D488 /* twenty-five-twenty-one.mp4 in Resources */ = {isa = PBXBuildFile; fileRef = FAC61FDE289663890067D488 /* twenty-five-twenty-one.mp4 */; };
		FAC61FEA289663D00067D488 /* tmovies.json in Resources */ = {isa = PBXBuildFile; fileRef = FAC61FE9289663D00067D488 /* tmovies.json */; };
		FAC61FEC289663E30067D488 /* kmovies.json in Resources */ = {isa = PBXBuildFile; fileRef = FAC61FEB289663E30067D488 /* kmovies.json */; };
		FAC61FEE289663EA0067D488 /* cmovies.json in Resources */ = {isa = PBXBuildFile; fileRef = FAC61FED289663EA0067D488 /* cmovies.json */; };
/* End PBXBuildFile section */

/* Begin PBXFileReference section */
		FAC61F8128965FAB0067D488 /* TopDrama.app */ = {isa = PBXFileReference; explicitFileType = wrapper.application; includeInIndex = 0; path = TopDrama.app; sourceTree = BUILT_PRODUCTS_DIR; };
		FAC61F8428965FAB0067D488 /* TopDramaApp.swift */ = {isa = PBXFileReference; lastKnownFileType = sourcecode.swift; path = TopDramaApp.swift; sourceTree = "<group>"; };
		FAC61F8628965FAB0067D488 /* ContentView.swift */ = {isa = PBXFileReference; lastKnownFileType = sourcecode.swift; path = ContentView.swift; sourceTree = "<group>"; };
		FAC61F8828965FAE0067D488 /* Assets.xcassets */ = {isa = PBXFileReference; lastKnownFileType = folder.assetcatalog; path = Assets.xcassets; sourceTree = "<group>"; };
		FAC61F8B28965FAE0067D488 /* Preview Assets.xcassets */ = {isa = PBXFileReference; lastKnownFileType = folder.assetcatalog; path = "Preview Assets.xcassets"; sourceTree = "<group>"; };
		FAC61F96289660F70067D488 /* RectangleImage.swift */ = {isa = PBXFileReference; lastKnownFileType = sourcecode.swift; path = RectangleImage.swift; sourceTree = "<group>"; };
		FAC61F982896612C0067D488 /* InfoView.swift */ = {isa = PBXFileReference; lastKnownFileType = sourcecode.swift; path = InfoView.swift; sourceTree = "<group>"; };
		FAC61F9A289661A60067D488 /* MovieList.swift */ = {isa = PBXFileReference; lastKnownFileType = sourcecode.swift; path = MovieList.swift; sourceTree = "<group>"; };
		FAC61F9C289661CD0067D488 /* MovieCard.swift */ = {isa = PBXFileReference; lastKnownFileType = sourcecode.swift; path = MovieCard.swift; sourceTree = "<group>"; };
		FAC61F9E289662000067D488 /* HomeView.swift */ = {isa = PBXFileReference; lastKnownFileType = sourcecode.swift; path = HomeView.swift; sourceTree = "<group>"; };
		FAC61FA0289662430067D488 /* MovieDetailPage.swift */ = {isa = PBXFileReference; lastKnownFileType = sourcecode.swift; path = MovieDetailPage.swift; sourceTree = "<group>"; };
		FAC61FA22896626E0067D488 /* Movie.swift */ = {isa = PBXFileReference; lastKnownFileType = sourcecode.swift; path = Movie.swift; sourceTree = "<group>"; };
		FAC61FA42896628D0067D488 /* Category.swift */ = {isa = PBXFileReference; lastKnownFileType = sourcecode.swift; path = Category.swift; sourceTree = "<group>"; };
		FAC61FA6289662BB0067D488 /* ColorConstants.swift */ = {isa = PBXFileReference; lastKnownFileType = sourcecode.swift; path = ColorConstants.swift; sourceTree = "<group>"; };
		FAC61FA8289662D50067D488 /* ModelData.swift */ = {isa = PBXFileReference; lastKnownFileType = sourcecode.swift; path = ModelData.swift; sourceTree = "<group>"; };
		FAC61FAB289663730067D488 /* love-o2o.mp4 */ = {isa = PBXFileReference; lastKnownFileType = file; path = "love-o2o.mp4"; sourceTree = "<group>"; };
		FAC61FAC289663730067D488 /* boss-and-me.mp4 */ = {isa = PBXFileReference; lastKnownFileType = file; path = "boss-and-me.mp4"; sourceTree = "<group>"; };
		FAC61FAD289663730067D488 /* you-are-my-glory.mp4 */ = {isa = PBXFileReference; lastKnownFileType = file; path = "you-are-my-glory.mp4"; sourceTree = "<group>"; };
		FAC61FAE289663730067D488 /* my-sunshine.mp4 */ = {isa = PBXFileReference; lastKnownFileType = file; path = "my-sunshine.mp4"; sourceTree = "<group>"; };
		FAC61FAF289663730067D488 /* ashes-of-love.mp4 */ = {isa = PBXFileReference; lastKnownFileType = file; path = "ashes-of-love.mp4"; sourceTree = "<group>"; };
		FAC61FB0289663730067D488 /* love-me-if-you-dare.mp4 */ = {isa = PBXFileReference; lastKnownFileType = file; path = "love-me-if-you-dare.mp4"; sourceTree = "<group>"; };
		FAC61FB1289663730067D488 /* you-are-my-hero.mp4 */ = {isa = PBXFileReference; lastKnownFileType = file; path = "you-are-my-hero.mp4"; sourceTree = "<group>"; };
		FAC61FB2289663730067D488 /* go-go-squid.mp4 */ = {isa = PBXFileReference; lastKnownFileType = file; path = "go-go-squid.mp4"; sourceTree = "<group>"; };
		FAC61FB3289663730067D488 /* eternal-love.mp4 */ = {isa = PBXFileReference; lastKnownFileType = file; path = "eternal-love.mp4"; sourceTree = "<group>"; };
		FAC61FB4289663730067D488 /* skate-into-love.mp4 */ = {isa = PBXFileReference; lastKnownFileType = file; path = "skate-into-love.mp4"; sourceTree = "<group>"; };
		FAC61FC02896637E0067D488 /* prophecy-of-love.mp4 */ = {isa = PBXFileReference; lastKnownFileType = file; path = "prophecy-of-love.mp4"; sourceTree = "<group>"; };
		FAC61FC12896637E0067D488 /* my-husband-in-law.mp4 */ = {isa = PBXFileReference; lastKnownFileType = file; path = "my-husband-in-law.mp4"; sourceTree = "<group>"; };
		FAC61FC22896637E0067D488 /* man-of-vengeance.mp4 */ = {isa = PBXFileReference; lastKnownFileType = file; path = "man-of-vengeance.mp4"; sourceTree = "<group>"; };
		FAC61FC32896637E0067D488 /* once-upon-a-time-in-my-heart.mp4 */ = {isa = PBXFileReference; lastKnownFileType = file; path = "once-upon-a-time-in-my-heart.mp4"; sourceTree = "<group>"; };
		FAC61FC42896637E0067D488 /* a-woman-trickery.mp4 */ = {isa = PBXFileReference; lastKnownFileType = file; path = "a-woman-trickery.mp4"; sourceTree = "<group>"; };
		FAC61FC52896637E0067D488 /* love-destiny.mp4 */ = {isa = PBXFileReference; lastKnownFileType = file; path = "love-destiny.mp4"; sourceTree = "<group>"; };
		FAC61FC62896637E0067D488 /* pink-sin.mp4 */ = {isa = PBXFileReference; lastKnownFileType = file; path = "pink-sin.mp4"; sourceTree = "<group>"; };
		FAC61FC72896637E0067D488 /* waves-of-life.mp4 */ = {isa = PBXFileReference; lastKnownFileType = file; path = "waves-of-life.mp4"; sourceTree = "<group>"; };
		FAC61FC82896637E0067D488 /* my-forever-sunshine.mp4 */ = {isa = PBXFileReference; lastKnownFileType = file; path = "my-forever-sunshine.mp4"; sourceTree = "<group>"; };
		FAC61FC92896637E0067D488 /* glass-mask.mp4 */ = {isa = PBXFileReference; lastKnownFileType = file; path = "glass-mask.mp4"; sourceTree = "<group>"; };
		FAC61FD5289663890067D488 /* strong-woman-do-bong-soon.mp4 */ = {isa = PBXFileReference; lastKnownFileType = file; path = "strong-woman-do-bong-soon.mp4"; sourceTree = "<group>"; };
		FAC61FD6289663890067D488 /* what's-wrong-with-secretary-kim.mp4 */ = {isa = PBXFileReference; lastKnownFileType = file; path = "what's-wrong-with-secretary-kim.mp4"; sourceTree = "<group>"; };
		FAC61FD7289663890067D488 /* crash-landing-on-you.mp4 */ = {isa = PBXFileReference; lastKnownFileType = file; path = "crash-landing-on-you.mp4"; sourceTree = "<group>"; };
		FAC61FD8289663890067D488 /* vincenzo.mp4 */ = {isa = PBXFileReference; lastKnownFileType = file; path = vincenzo.mp4; sourceTree = "<group>"; };
		FAC61FD9289663890067D488 /* woo-young-woo.mp4 */ = {isa = PBXFileReference; lastKnownFileType = file; path = "woo-young-woo.mp4"; sourceTree = "<group>"; };
		FAC61FDA289663890067D488 /* weightlifting-fairy-kim-bok-joo.mp4 */ = {isa = PBXFileReference; lastKnownFileType = file; path = "weightlifting-fairy-kim-bok-joo.mp4"; sourceTree = "<group>"; };
		FAC61FDB289663890067D488 /* descendants-of-the-sun.mp4 */ = {isa = PBXFileReference; lastKnownFileType = file; path = "descendants-of-the-sun.mp4"; sourceTree = "<group>"; };
		FAC61FDC289663890067D488 /* our-beloved-summer.mp4 */ = {isa = PBXFileReference; lastKnownFileType = file; path = "our-beloved-summer.mp4"; sourceTree = "<group>"; };
		FAC61FDD289663890067D488 /* the-heirs.mp4 */ = {isa = PBXFileReference; lastKnownFileType = file; path = "the-heirs.mp4"; sourceTree = "<group>"; };
		FAC61FDE289663890067D488 /* twenty-five-twenty-one.mp4 */ = {isa = PBXFileReference; lastKnownFileType = file; path = "twenty-five-twenty-one.mp4"; sourceTree = "<group>"; };
		FAC61FE9289663D00067D488 /* tmovies.json */ = {isa = PBXFileReference; fileEncoding = 4; lastKnownFileType = text.json; path = tmovies.json; sourceTree = "<group>"; };
		FAC61FEB289663E30067D488 /* kmovies.json */ = {isa = PBXFileReference; fileEncoding = 4; lastKnownFileType = text.json; path = kmovies.json; sourceTree = "<group>"; };
		FAC61FED289663EA0067D488 /* cmovies.json */ = {isa = PBXFileReference; fileEncoding = 4; lastKnownFileType = text.json; path = cmovies.json; sourceTree = "<group>"; };
/* End PBXFileReference section */

/* Begin PBXFrameworksBuildPhase section */
		FAC61F7E28965FAB0067D488 /* Frameworks */ = {
			isa = PBXFrameworksBuildPhase;
			buildActionMask = 2147483647;
			files = (
			);
			runOnlyForDeploymentPostprocessing = 0;
		};
/* End PBXFrameworksBuildPhase section */

/* Begin PBXGroup section */
		FAC61F7828965FAB0067D488 = {
			isa = PBXGroup;
			children = (
				FAC61F8328965FAB0067D488 /* TopDrama */,
				FAC61F8228965FAB0067D488 /* Products */,
			);
			sourceTree = "<group>";
		};
		FAC61F8228965FAB0067D488 /* Products */ = {
			isa = PBXGroup;
			children = (
				FAC61F8128965FAB0067D488 /* TopDrama.app */,
			);
			name = Products;
			sourceTree = "<group>";
		};
		FAC61F8328965FAB0067D488 /* TopDrama */ = {
			isa = PBXGroup;
			children = (
				FAC61FD4289663890067D488 /* k-trailer */,
				FAC61FBF2896637E0067D488 /* t-trailer */,
				FAC61FAA289663730067D488 /* c-trailer */,
				FAC61F93289660C00067D488 /* View */,
				FAC61F92289660B60067D488 /* Model */,
				FAC61F8428965FAB0067D488 /* TopDramaApp.swift */,
				FAC61F8628965FAB0067D488 /* ContentView.swift */,
				FAC61F8828965FAE0067D488 /* Assets.xcassets */,
				FAC61F8A28965FAE0067D488 /* Preview Content */,
			);
			path = TopDrama;
			sourceTree = "<group>";
		};
		FAC61F8A28965FAE0067D488 /* Preview Content */ = {
			isa = PBXGroup;
			children = (
				FAC61F8B28965FAE0067D488 /* Preview Assets.xcassets */,
			);
			path = "Preview Content";
			sourceTree = "<group>";
		};
		FAC61F92289660B60067D488 /* Model */ = {
			isa = PBXGroup;
			children = (
				FAC61FED289663EA0067D488 /* cmovies.json */,
				FAC61FEB289663E30067D488 /* kmovies.json */,
				FAC61FE9289663D00067D488 /* tmovies.json */,
				FAC61FA22896626E0067D488 /* Movie.swift */,
				FAC61FA42896628D0067D488 /* Category.swift */,
				FAC61FA6289662BB0067D488 /* ColorConstants.swift */,
				FAC61FA8289662D50067D488 /* ModelData.swift */,
			);
			path = Model;
			sourceTree = "<group>";
		};
		FAC61F93289660C00067D488 /* View */ = {
			isa = PBXGroup;
			children = (
				FAC61F96289660F70067D488 /* RectangleImage.swift */,
				FAC61F982896612C0067D488 /* InfoView.swift */,
				FAC61F9A289661A60067D488 /* MovieList.swift */,
				FAC61F9C289661CD0067D488 /* MovieCard.swift */,
				FAC61F9E289662000067D488 /* HomeView.swift */,
				FAC61FA0289662430067D488 /* MovieDetailPage.swift */,
			);
			path = View;
			sourceTree = "<group>";
		};
		FAC61FAA289663730067D488 /* c-trailer */ = {
			isa = PBXGroup;
			children = (
				FAC61FAB289663730067D488 /* love-o2o.mp4 */,
				FAC61FAC289663730067D488 /* boss-and-me.mp4 */,
				FAC61FAD289663730067D488 /* you-are-my-glory.mp4 */,
				FAC61FAE289663730067D488 /* my-sunshine.mp4 */,
				FAC61FAF289663730067D488 /* ashes-of-love.mp4 */,
				FAC61FB0289663730067D488 /* love-me-if-you-dare.mp4 */,
				FAC61FB1289663730067D488 /* you-are-my-hero.mp4 */,
				FAC61FB2289663730067D488 /* go-go-squid.mp4 */,
				FAC61FB3289663730067D488 /* eternal-love.mp4 */,
				FAC61FB4289663730067D488 /* skate-into-love.mp4 */,
			);
			path = "c-trailer";
			sourceTree = "<group>";
		};
		FAC61FBF2896637E0067D488 /* t-trailer */ = {
			isa = PBXGroup;
			children = (
				FAC61FC02896637E0067D488 /* prophecy-of-love.mp4 */,
				FAC61FC12896637E0067D488 /* my-husband-in-law.mp4 */,
				FAC61FC22896637E0067D488 /* man-of-vengeance.mp4 */,
				FAC61FC32896637E0067D488 /* once-upon-a-time-in-my-heart.mp4 */,
				FAC61FC42896637E0067D488 /* a-woman-trickery.mp4 */,
				FAC61FC52896637E0067D488 /* love-destiny.mp4 */,
				FAC61FC62896637E0067D488 /* pink-sin.mp4 */,
				FAC61FC72896637E0067D488 /* waves-of-life.mp4 */,
				FAC61FC82896637E0067D488 /* my-forever-sunshine.mp4 */,
				FAC61FC92896637E0067D488 /* glass-mask.mp4 */,
			);
			path = "t-trailer";
			sourceTree = "<group>";
		};
		FAC61FD4289663890067D488 /* k-trailer */ = {
			isa = PBXGroup;
			children = (
				FAC61FD5289663890067D488 /* strong-woman-do-bong-soon.mp4 */,
				FAC61FD6289663890067D488 /* what's-wrong-with-secretary-kim.mp4 */,
				FAC61FD7289663890067D488 /* crash-landing-on-you.mp4 */,
				FAC61FD8289663890067D488 /* vincenzo.mp4 */,
				FAC61FD9289663890067D488 /* woo-young-woo.mp4 */,
				FAC61FDA289663890067D488 /* weightlifting-fairy-kim-bok-joo.mp4 */,
				FAC61FDB289663890067D488 /* descendants-of-the-sun.mp4 */,
				FAC61FDC289663890067D488 /* our-beloved-summer.mp4 */,
				FAC61FDD289663890067D488 /* the-heirs.mp4 */,
				FAC61FDE289663890067D488 /* twenty-five-twenty-one.mp4 */,
			);
			path = "k-trailer";
			sourceTree = "<group>";
		};
/* End PBXGroup section */

/* Begin PBXNativeTarget section */
		FAC61F8028965FAB0067D488 /* TopDrama */ = {
			isa = PBXNativeTarget;
			buildConfigurationList = FAC61F8F28965FAE0067D488 /* Build configuration list for PBXNativeTarget "TopDrama" */;
			buildPhases = (
				FAC61F7D28965FAB0067D488 /* Sources */,
				FAC61F7E28965FAB0067D488 /* Frameworks */,
				FAC61F7F28965FAB0067D488 /* Resources */,
			);
			buildRules = (
			);
			dependencies = (
			);
			name = TopDrama;
			productName = TopDrama;
			productReference = FAC61F8128965FAB0067D488 /* TopDrama.app */;
			productType = "com.apple.product-type.application";
		};
/* End PBXNativeTarget section */

/* Begin PBXProject section */
		FAC61F7928965FAB0067D488 /* Project object */ = {
			isa = PBXProject;
			attributes = {
				BuildIndependentTargetsInParallel = 1;
				LastSwiftUpdateCheck = 1340;
				LastUpgradeCheck = 1340;
				TargetAttributes = {
					FAC61F8028965FAB0067D488 = {
						CreatedOnToolsVersion = 13.4.1;
					};
				};
			};
			buildConfigurationList = FAC61F7C28965FAB0067D488 /* Build configuration list for PBXProject "TopDrama" */;
			compatibilityVersion = "Xcode 13.0";
			developmentRegion = en;
			hasScannedForEncodings = 0;
			knownRegions = (
				en,
				Base,
			);
			mainGroup = FAC61F7828965FAB0067D488;
			productRefGroup = FAC61F8228965FAB0067D488 /* Products */;
			projectDirPath = "";
			projectRoot = "";
			targets = (
				FAC61F8028965FAB0067D488 /* TopDrama */,
			);
		};
/* End PBXProject section */

/* Begin PBXResourcesBuildPhase section */
		FAC61F7F28965FAB0067D488 /* Resources */ = {
			isa = PBXResourcesBuildPhase;
			buildActionMask = 2147483647;
			files = (
				FAC61FEE289663EA0067D488 /* cmovies.json in Resources */,
				FAC61FCE2896637E0067D488 /* a-woman-trickery.mp4 in Resources */,
				FAC61FCA2896637E0067D488 /* prophecy-of-love.mp4 in Resources */,
				FAC61FE8289663890067D488 /* twenty-five-twenty-one.mp4 in Resources */,
				FAC61FCC2896637E0067D488 /* man-of-vengeance.mp4 in Resources */,
				FAC61FE6289663890067D488 /* our-beloved-summer.mp4 in Resources */,
				FAC61FEA289663D00067D488 /* tmovies.json in Resources */,
				FAC61FE4289663890067D488 /* weightlifting-fairy-kim-bok-joo.mp4 in Resources */,
				FAC61FBE289663730067D488 /* skate-into-love.mp4 in Resources */,
				FAC61FB6289663730067D488 /* boss-and-me.mp4 in Resources */,
				FAC61FD22896637E0067D488 /* my-forever-sunshine.mp4 in Resources */,
				FAC61FD32896637E0067D488 /* glass-mask.mp4 in Resources */,
				FAC61FD02896637E0067D488 /* pink-sin.mp4 in Resources */,
				FAC61FE0289663890067D488 /* what's-wrong-with-secretary-kim.mp4 in Resources */,
				FAC61FE1289663890067D488 /* crash-landing-on-you.mp4 in Resources */,
				FAC61F8C28965FAE0067D488 /* Preview Assets.xcassets in Resources */,
				FAC61FE5289663890067D488 /* descendants-of-the-sun.mp4 in Resources */,
				FAC61FCF2896637E0067D488 /* love-destiny.mp4 in Resources */,
				FAC61FBC289663730067D488 /* go-go-squid.mp4 in Resources */,
				FAC61FE2289663890067D488 /* vincenzo.mp4 in Resources */,
				FAC61FE3289663890067D488 /* woo-young-woo.mp4 in Resources */,
				FAC61FD12896637E0067D488 /* waves-of-life.mp4 in Resources */,
				FAC61FCB2896637E0067D488 /* my-husband-in-law.mp4 in Resources */,
				FAC61FEC289663E30067D488 /* kmovies.json in Resources */,
				FAC61FDF289663890067D488 /* strong-woman-do-bong-soon.mp4 in Resources */,
				FAC61FBB289663730067D488 /* you-are-my-hero.mp4 in Resources */,
				FAC61FBA289663730067D488 /* love-me-if-you-dare.mp4 in Resources */,
				FAC61FB8289663730067D488 /* my-sunshine.mp4 in Resources */,
				FAC61FE7289663890067D488 /* the-heirs.mp4 in Resources */,
				FAC61FCD2896637E0067D488 /* once-upon-a-time-in-my-heart.mp4 in Resources */,
				FAC61F8928965FAE0067D488 /* Assets.xcassets in Resources */,
				FAC61FB5289663730067D488 /* love-o2o.mp4 in Resources */,
				FAC61FB7289663730067D488 /* you-are-my-glory.mp4 in Resources */,
				FAC61FBD289663730067D488 /* eternal-love.mp4 in Resources */,
				FAC61FB9289663730067D488 /* ashes-of-love.mp4 in Resources */,
			);
			runOnlyForDeploymentPostprocessing = 0;
		};
/* End PBXResourcesBuildPhase section */

/* Begin PBXSourcesBuildPhase section */
		FAC61F7D28965FAB0067D488 /* Sources */ = {
			isa = PBXSourcesBuildPhase;
			buildActionMask = 2147483647;
			files = (
				FAC61FA1289662430067D488 /* MovieDetailPage.swift in Sources */,
				FAC61FA52896628D0067D488 /* Category.swift in Sources */,
				FAC61F992896612C0067D488 /* InfoView.swift in Sources */,
				FAC61FA32896626E0067D488 /* Movie.swift in Sources */,
				FAC61FA7289662BB0067D488 /* ColorConstants.swift in Sources */,
				FAC61FA9289662D50067D488 /* ModelData.swift in Sources */,
				FAC61F9F289662000067D488 /* HomeView.swift in Sources */,
				FAC61F8728965FAB0067D488 /* ContentView.swift in Sources */,
				FAC61F9D289661CD0067D488 /* MovieCard.swift in Sources */,
				FAC61F97289660F70067D488 /* RectangleImage.swift in Sources */,
				FAC61F9B289661A60067D488 /* MovieList.swift in Sources */,
				FAC61F8528965FAB0067D488 /* TopDramaApp.swift in Sources */,
			);
			runOnlyForDeploymentPostprocessing = 0;
		};
/* End PBXSourcesBuildPhase section */

/* Begin XCBuildConfiguration section */
		FAC61F8D28965FAE0067D488 /* Debug */ = {
			isa = XCBuildConfiguration;
			buildSettings = {
				ALWAYS_SEARCH_USER_PATHS = NO;
				CLANG_ANALYZER_NONNULL = YES;
				CLANG_ANALYZER_NUMBER_OBJECT_CONVERSION = YES_AGGRESSIVE;
				CLANG_CXX_LANGUAGE_STANDARD = "gnu++17";
				CLANG_ENABLE_MODULES = YES;
				CLANG_ENABLE_OBJC_ARC = YES;
				CLANG_ENABLE_OBJC_WEAK = YES;
				CLANG_WARN_BLOCK_CAPTURE_AUTORELEASING = YES;
				CLANG_WARN_BOOL_CONVERSION = YES;
				CLANG_WARN_COMMA = YES;
				CLANG_WARN_CONSTANT_CONVERSION = YES;
				CLANG_WARN_DEPRECATED_OBJC_IMPLEMENTATIONS = YES;
				CLANG_WARN_DIRECT_OBJC_ISA_USAGE = YES_ERROR;
				CLANG_WARN_DOCUMENTATION_COMMENTS = YES;
				CLANG_WARN_EMPTY_BODY = YES;
				CLANG_WARN_ENUM_CONVERSION = YES;
				CLANG_WARN_INFINITE_RECURSION = YES;
				CLANG_WARN_INT_CONVERSION = YES;
				CLANG_WARN_NON_LITERAL_NULL_CONVERSION = YES;
				CLANG_WARN_OBJC_IMPLICIT_RETAIN_SELF = YES;
				CLANG_WARN_OBJC_LITERAL_CONVERSION = YES;
				CLANG_WARN_OBJC_ROOT_CLASS = YES_ERROR;
				CLANG_WARN_QUOTED_INCLUDE_IN_FRAMEWORK_HEADER = YES;
				CLANG_WARN_RANGE_LOOP_ANALYSIS = YES;
				CLANG_WARN_STRICT_PROTOTYPES = YES;
				CLANG_WARN_SUSPICIOUS_MOVE = YES;
				CLANG_WARN_UNGUARDED_AVAILABILITY = YES_AGGRESSIVE;
				CLANG_WARN_UNREACHABLE_CODE = YES;
				CLANG_WARN__DUPLICATE_METHOD_MATCH = YES;
				COPY_PHASE_STRIP = NO;
				DEBUG_INFORMATION_FORMAT = dwarf;
				ENABLE_STRICT_OBJC_MSGSEND = YES;
				ENABLE_TESTABILITY = YES;
				GCC_C_LANGUAGE_STANDARD = gnu11;
				GCC_DYNAMIC_NO_PIC = NO;
				GCC_NO_COMMON_BLOCKS = YES;
				GCC_OPTIMIZATION_LEVEL = 0;
				GCC_PREPROCESSOR_DEFINITIONS = (
					"DEBUG=1",
					"$(inherited)",
				);
				GCC_WARN_64_TO_32_BIT_CONVERSION = YES;
				GCC_WARN_ABOUT_RETURN_TYPE = YES_ERROR;
				GCC_WARN_UNDECLARED_SELECTOR = YES;
				GCC_WARN_UNINITIALIZED_AUTOS = YES_AGGRESSIVE;
				GCC_WARN_UNUSED_FUNCTION = YES;
				GCC_WARN_UNUSED_VARIABLE = YES;
				IPHONEOS_DEPLOYMENT_TARGET = 15.5;
				MTL_ENABLE_DEBUG_INFO = INCLUDE_SOURCE;
				MTL_FAST_MATH = YES;
				ONLY_ACTIVE_ARCH = YES;
				SDKROOT = iphoneos;
				SWIFT_ACTIVE_COMPILATION_CONDITIONS = DEBUG;
				SWIFT_OPTIMIZATION_LEVEL = "-Onone";
			};
			name = Debug;
		};
		FAC61F8E28965FAE0067D488 /* Release */ = {
			isa = XCBuildConfiguration;
			buildSettings = {
				ALWAYS_SEARCH_USER_PATHS = NO;
				CLANG_ANALYZER_NONNULL = YES;
				CLANG_ANALYZER_NUMBER_OBJECT_CONVERSION = YES_AGGRESSIVE;
				CLANG_CXX_LANGUAGE_STANDARD = "gnu++17";
				CLANG_ENABLE_MODULES = YES;
				CLANG_ENABLE_OBJC_ARC = YES;
				CLANG_ENABLE_OBJC_WEAK = YES;
				CLANG_WARN_BLOCK_CAPTURE_AUTORELEASING = YES;
				CLANG_WARN_BOOL_CONVERSION = YES;
				CLANG_WARN_COMMA = YES;
				CLANG_WARN_CONSTANT_CONVERSION = YES;
				CLANG_WARN_DEPRECATED_OBJC_IMPLEMENTATIONS = YES;
				CLANG_WARN_DIRECT_OBJC_ISA_USAGE = YES_ERROR;
				CLANG_WARN_DOCUMENTATION_COMMENTS = YES;
				CLANG_WARN_EMPTY_BODY = YES;
				CLANG_WARN_ENUM_CONVERSION = YES;
				CLANG_WARN_INFINITE_RECURSION = YES;
				CLANG_WARN_INT_CONVERSION = YES;
				CLANG_WARN_NON_LITERAL_NULL_CONVERSION = YES;
				CLANG_WARN_OBJC_IMPLICIT_RETAIN_SELF = YES;
				CLANG_WARN_OBJC_LITERAL_CONVERSION = YES;
				CLANG_WARN_OBJC_ROOT_CLASS = YES_ERROR;
				CLANG_WARN_QUOTED_INCLUDE_IN_FRAMEWORK_HEADER = YES;
				CLANG_WARN_RANGE_LOOP_ANALYSIS = YES;
				CLANG_WARN_STRICT_PROTOTYPES = YES;
				CLANG_WARN_SUSPICIOUS_MOVE = YES;
				CLANG_WARN_UNGUARDED_AVAILABILITY = YES_AGGRESSIVE;
				CLANG_WARN_UNREACHABLE_CODE = YES;
				CLANG_WARN__DUPLICATE_METHOD_MATCH = YES;
				COPY_PHASE_STRIP = NO;
				DEBUG_INFORMATION_FORMAT = "dwarf-with-dsym";
				ENABLE_NS_ASSERTIONS = NO;
				ENABLE_STRICT_OBJC_MSGSEND = YES;
				GCC_C_LANGUAGE_STANDARD = gnu11;
				GCC_NO_COMMON_BLOCKS = YES;
				GCC_WARN_64_TO_32_BIT_CONVERSION = YES;
				GCC_WARN_ABOUT_RETURN_TYPE = YES_ERROR;
				GCC_WARN_UNDECLARED_SELECTOR = YES;
				GCC_WARN_UNINITIALIZED_AUTOS = YES_AGGRESSIVE;
				GCC_WARN_UNUSED_FUNCTION = YES;
				GCC_WARN_UNUSED_VARIABLE = YES;
				IPHONEOS_DEPLOYMENT_TARGET = 15.5;
				MTL_ENABLE_DEBUG_INFO = NO;
				MTL_FAST_MATH = YES;
				SDKROOT = iphoneos;
				SWIFT_COMPILATION_MODE = wholemodule;
				SWIFT_OPTIMIZATION_LEVEL = "-O";
				VALIDATE_PRODUCT = YES;
			};
			name = Release;
		};
		FAC61F9028965FAE0067D488 /* Debug */ = {
			isa = XCBuildConfiguration;
			buildSettings = {
				ASSETCATALOG_COMPILER_APPICON_NAME = AppIcon;
				ASSETCATALOG_COMPILER_GLOBAL_ACCENT_COLOR_NAME = AccentColor;
				CODE_SIGN_STYLE = Automatic;
				CURRENT_PROJECT_VERSION = 1;
				DEVELOPMENT_ASSET_PATHS = "\"TopDrama/Preview Content\"";
				DEVELOPMENT_TEAM = 88UL73W94J;
				ENABLE_PREVIEWS = YES;
				GENERATE_INFOPLIST_FILE = YES;
				INFOPLIST_KEY_UIApplicationSceneManifest_Generation = YES;
				INFOPLIST_KEY_UIApplicationSupportsIndirectInputEvents = YES;
				INFOPLIST_KEY_UILaunchScreen_Generation = YES;
				INFOPLIST_KEY_UISupportedInterfaceOrientations_iPad = "UIInterfaceOrientationPortrait UIInterfaceOrientationPortraitUpsideDown UIInterfaceOrientationLandscapeLeft UIInterfaceOrientationLandscapeRight";
				INFOPLIST_KEY_UISupportedInterfaceOrientations_iPhone = "UIInterfaceOrientationPortrait UIInterfaceOrientationLandscapeLeft UIInterfaceOrientationLandscapeRight";
				LD_RUNPATH_SEARCH_PATHS = (
					"$(inherited)",
					"@executable_path/Frameworks",
				);
				MARKETING_VERSION = 1.0;
				PRODUCT_BUNDLE_IDENTIFIER = vn.edu.rmit.3802828.TopDrama;
				PRODUCT_NAME = "$(TARGET_NAME)";
				SWIFT_EMIT_LOC_STRINGS = YES;
				SWIFT_VERSION = 5.0;
				TARGETED_DEVICE_FAMILY = "1,2";
			};
			name = Debug;
		};
		FAC61F9128965FAE0067D488 /* Release */ = {
			isa = XCBuildConfiguration;
			buildSettings = {
				ASSETCATALOG_COMPILER_APPICON_NAME = AppIcon;
				ASSETCATALOG_COMPILER_GLOBAL_ACCENT_COLOR_NAME = AccentColor;
				CODE_SIGN_STYLE = Automatic;
				CURRENT_PROJECT_VERSION = 1;
				DEVELOPMENT_ASSET_PATHS = "\"TopDrama/Preview Content\"";
				DEVELOPMENT_TEAM = 88UL73W94J;
				ENABLE_PREVIEWS = YES;
				GENERATE_INFOPLIST_FILE = YES;
				INFOPLIST_KEY_UIApplicationSceneManifest_Generation = YES;
				INFOPLIST_KEY_UIApplicationSupportsIndirectInputEvents = YES;
				INFOPLIST_KEY_UILaunchScreen_Generation = YES;
				INFOPLIST_KEY_UISupportedInterfaceOrientations_iPad = "UIInterfaceOrientationPortrait UIInterfaceOrientationPortraitUpsideDown UIInterfaceOrientationLandscapeLeft UIInterfaceOrientationLandscapeRight";
				INFOPLIST_KEY_UISupportedInterfaceOrientations_iPhone = "UIInterfaceOrientationPortrait UIInterfaceOrientationLandscapeLeft UIInterfaceOrientationLandscapeRight";
				LD_RUNPATH_SEARCH_PATHS = (
					"$(inherited)",
					"@executable_path/Frameworks",
				);
				MARKETING_VERSION = 1.0;
				PRODUCT_BUNDLE_IDENTIFIER = vn.edu.rmit.3802828.TopDrama;
				PRODUCT_NAME = "$(TARGET_NAME)";
				SWIFT_EMIT_LOC_STRINGS = YES;
				SWIFT_VERSION = 5.0;
				TARGETED_DEVICE_FAMILY = "1,2";
			};
			name = Release;
		};
/* End XCBuildConfiguration section */

/* Begin XCConfigurationList section */
		FAC61F7C28965FAB0067D488 /* Build configuration list for PBXProject "TopDrama" */ = {
			isa = XCConfigurationList;
			buildConfigurations = (
				FAC61F8D28965FAE0067D488 /* Debug */,
				FAC61F8E28965FAE0067D488 /* Release */,
			);
			defaultConfigurationIsVisible = 0;
			defaultConfigurationName = Release;
		};
		FAC61F8F28965FAE0067D488 /* Build configuration list for PBXNativeTarget "TopDrama" */ = {
			isa = XCConfigurationList;
			buildConfigurations = (
				FAC61F9028965FAE0067D488 /* Debug */,
				FAC61F9128965FAE0067D488 /* Release */,
			);
			defaultConfigurationIsVisible = 0;
			defaultConfigurationName = Release;
		};
/* End XCConfigurationList section */
	};
	rootObject = FAC61F7928965FAB0067D488 /* Project object */;
}
